hash: e606c5bb405949bc888fb9b9f649b892b3bb550ead3bead8acbcafcf5d8528e8
updated: 2017-06-01T13:15:00.752960057-07:00
imports:
- name: github.com/deckarep/gosx-notifier
  version: 61a88900fb062ed8c63828adf4d7b58463b61f78
- name: github.com/ericchiang/k8s
  version: bd3351b0ceb817083a3226c152e3a2c9bb2849c9
  subpackages:
  - api/resource
  - api/unversioned
  - api/v1
  - apis/apps/v1alpha1
  - apis/apps/v1beta1
  - apis/authentication/v1
  - apis/authentication/v1beta1
  - apis/authorization/v1
  - apis/authorization/v1beta1
  - apis/autoscaling/v1
  - apis/autoscaling/v2alpha1
  - apis/batch/v1
  - apis/batch/v2alpha1
  - apis/certificates/v1alpha1
  - apis/certificates/v1beta1
  - apis/extensions/v1beta1
  - apis/imagepolicy/v1alpha1
  - apis/meta/v1
  - apis/policy/v1alpha1
  - apis/policy/v1beta1
  - apis/rbac/v1alpha1
  - apis/rbac/v1beta1
  - apis/settings/v1alpha1
  - apis/storage/v1
  - apis/storage/v1beta1
  - runtime
  - runtime/schema
  - util/intstr
  - watch/versioned
- name: github.com/golang/protobuf
  version: 8616e8ee5e20a1704615e6c8d7afcdac06087a67
  subpackages:
  - proto
- name: github.com/projectcalico/libcalico-go
  version: 866d81fe1e417514b7700156d36c6c04ab0b7d50
  repo: https://github.com/gunjan5/libcalico-go.git
  vcs: git
  subpackages:
  - lib
- name: golang.org/x/net
  version: e90d6d0afc4c315a0d87a568ae68577cc15149a0
  subpackages:
  - http2
  - http2/hpack
  - lex/httplex
- name: gopkg.in/yaml.v2
  version: 53feefa2559fb8dfa8d81baad31be332c97d6c77
testImports: []
